{
  "requires": true,
  "lockfileVersion": 1,
  "dependencies": {
    "@types/blessed": {
      "version": "0.1.11",
      "resolved": "https://registry.npmjs.org/@types/blessed/-/blessed-0.1.11.tgz",
      "integrity": "sha512-XplTXUREKwCmUliffPd82ugLzkVZSIrpL80iouo89XT0SupvRsUsTzAENtQ8bJQbxWbJ9KPH/JA0ENEPBmssjg==",
      "requires": {
        "@types/node": "*"
      }
    },
    "@types/node": {
      "version": "11.13.8",
      "resolved": "https://registry.npmjs.org/@types/node/-/node-11.13.8.tgz",
      "integrity": "sha512-szA3x/3miL90ZJxUCzx9haNbK5/zmPieGraZEe4WI+3srN0eGLiT22NXeMHmyhNEopn+IrxqMc7wdVwvPl8meg=="
    },
    "blessed": {
      "version": "0.1.81",
      "resolved": "https://registry.npmjs.org/blessed/-/blessed-0.1.81.tgz",
      "integrity": "sha1-+WLWh+wsNpVwrnGvhDJW5tDKESk="
    }
  }
}
